{
  "name": "lukas-website",
  "version": "0.0.1",
  "lockfileVersion": 1,
  "requires": true,
  "dependencies": {
    "accepts": {
      "version": "1.3.2",
      "resolved": "https://registry.npmjs.org/accepts/-/accepts-1.3.2.tgz",
      "integrity": "sha1-m/193El/3B2tc6l7P3zcEzkp+sE=",
      "requires": {
        "mime-types": "~2.1.10",
        "negotiator": "0.6.0"
      }
    },
    "acorn": {
      "version": "2.7.0",
      "resolved": "https://registry.npmjs.org/acorn/-/acorn-2.7.0.tgz",
      "integrity": "sha1-q259nYhqrKiwhbwzEreaGYQz8Oc="
    },
    "acorn-globals": {
      "version": "1.0.9",
      "resolved": "https://registry.npmjs.org/acorn-globals/-/acorn-globals-1.0.9.tgz",
      "integrity": "sha1-VbtemGkVB7dFedBRNBMhfDgMVM8=",
      "requires": {
        "acorn": "^2.1.0"
      }
    },
    "align-text": {
      "version": "0.1.4",
      "resolved": "https://registry.npmjs.org/align-text/-/align-text-0.1.4.tgz",
      "integrity": "sha1-DNkKVhCT810KmSVsIrcGlDP60Rc=",
      "requires": {
        "kind-of": "^3.0.2",
        "longest": "^1.0.1",
        "repeat-string": "^1.5.2"
      }
    },
    "amdefine": {
      "version": "1.0.0",
      "resolved": "https://registry.npmjs.org/amdefine/-/amdefine-1.0.0.tgz",
      "integrity": "sha1-/RdHRwDLXMnCtwnwvp0jzjwZjDM="
    },
    "array-flatten": {
      "version": "1.1.1",
      "resolved": "https://registry.npmjs.org/array-flatten/-/array-flatten-1.1.1.tgz",
      "integrity": "sha1-ml9pkFGx5wczKPKgCJaLZOopVdI="
    },
    "asap": {
      "version": "1.0.0",
      "resolved": "https://registry.npmjs.org/asap/-/asap-1.0.0.tgz",
      "integrity": "sha1-sqRdpf36ILBJb8N2jMJ8EvqRan0="
    },
    "ast-types": {
      "version": "0.8.16",
      "resolved": "https://registry.npmjs.org/ast-types/-/ast-types-0.8.16.tgz",
      "integrity": "sha1-Ca3dwdC9ZIc9lPzT7dM2akhz50Y=",
      "optional": true
    },
    "async": {
      "version": "1.5.2",
      "resolved": "https://registry.npmjs.org/async/-/async-1.5.2.tgz",
      "integrity": "sha1-7GphrlZIDAw8skHJVhjiCJL5Zyo="
    },
    "base64-url": {
      "version": "1.2.1",
      "resolved": "https://registry.npmjs.org/base64-url/-/base64-url-1.2.1.tgz",
      "integrity": "sha1-GZ/WYXAqDnt9yubgaYuwicUvbXg="
    },
    "basic-auth": {
      "version": "1.0.3",
      "resolved": "https://registry.npmjs.org/basic-auth/-/basic-auth-1.0.3.tgz",
      "integrity": "sha1-QfVVI+WJQFA47jVnlYxipe1wVRo="
    },
    "body-parser": {
      "version": "1.15.0",
      "resolved": "https://registry.npmjs.org/body-parser/-/body-parser-1.15.0.tgz",
      "integrity": "sha1-gWirrq+ed+MA97Ou9N9LRumyGzU=",
      "requires": {
        "bytes": "2.2.0",
        "content-type": "~1.0.1",
        "debug": "~2.2.0",
        "depd": "~1.1.0",
        "http-errors": "~1.4.0",
        "iconv-lite": "0.4.13",
        "on-finished": "~2.3.0",
        "qs": "6.1.0",
        "raw-body": "~2.1.5",
        "type-is": "~1.6.11"
      }
    },
    "bson": {
      "version": "0.2.22",
      "resolved": "https://registry.npmjs.org/bson/-/bson-0.2.22.tgz",
      "integrity": "sha1-/NoQPybQwHTVpS1Qkn24D9ArSzk=",
      "requires": {
        "nan": "~1.8"
      }
    },
    "bytes": {
      "version": "2.2.0",
      "resolved": "https://registry.npmjs.org/bytes/-/bytes-2.2.0.tgz",
      "integrity": "sha1-/TVGSkA/b5EXwt42Cez/nK4ABYg="
    },
    "camelcase": {
      "version": "1.2.1",
      "resolved": "https://registry.npmjs.org/camelcase/-/camelcase-1.2.1.tgz",
      "integrity": "sha1-m7UwTS4LVmmLLHWLCKPqqdqlijk="
    },
    "center-align": {
      "version": "0.1.3",
      "resolved": "https://registry.npmjs.org/center-align/-/center-align-0.1.3.tgz",
      "integrity": "sha1-qg0yYptu6XIgBBHL1EYckHvCt60=",
      "requires": {
        "align-text": "^0.1.3",
        "lazy-cache": "^1.0.3"
      }
    },
    "character-parser": {
      "version": "1.2.1",
      "resolved": "https://registry.npmjs.org/character-parser/-/character-parser-1.2.1.tgz",
      "integrity": "sha1-wN3kqxgnE7kZuXCVmhI+zBow/NY="
    },
    "clean-css": {
      "version": "3.4.12",
      "resolved": "https://registry.npmjs.org/clean-css/-/clean-css-3.4.12.tgz",
      "integrity": "sha1-BHKhYoyYD7Af6jquqyttNn2yd8I=",
      "requires": {
        "commander": "2.8.x",
        "source-map": "0.4.x"
      },
      "dependencies": {
        "commander": {
          "version": "2.8.1",
          "resolved": "https://registry.npmjs.org/commander/-/commander-2.8.1.tgz",
          "integrity": "sha1-Br42f+v9oMMwqh4qBy09yXYkJdQ=",
          "requires": {
            "graceful-readlink": ">= 1.0.0"
          }
        }
      }
    },
    "cli-table": {
      "version": "0.3.11",
      "resolved": "https://registry.npmjs.org/cli-table/-/cli-table-0.3.11.tgz",
      "integrity": "sha512-IqLQi4lO0nIB4tcdTpN4LCB9FI3uqrJZK7RC515EnhZ6qBaglkIgICb1wjeAqpdoOabm1+SuQtkXIPdYC93jhQ==",
      "dev": true,
      "requires": {
        "colors": "1.0.3"
      }
    },
    "cliui": {
      "version": "2.1.0",
      "resolved": "https://registry.npmjs.org/cliui/-/cliui-2.1.0.tgz",
      "integrity": "sha1-S0dXYP+AJkx2LDoXGQMukcf+oNE=",
      "requires": {
        "center-align": "^0.1.1",
        "right-align": "^0.1.1",
        "wordwrap": "0.0.2"
      },
      "dependencies": {
        "wordwrap": {
          "version": "0.0.2",
          "resolved": "https://registry.npmjs.org/wordwrap/-/wordwrap-0.0.2.tgz",
          "integrity": "sha1-t5Zpu0LstAn4PVg8rVLKF+qhZD8="
        }
      }
    },
    "colors": {
      "version": "1.0.3",
      "resolved": "https://registry.npmjs.org/colors/-/colors-1.0.3.tgz",
      "integrity": "sha1-BDP0TYCWgP3rYO0mDxsMJi6CpAs=",
      "dev": true
    },
    "commander": {
      "version": "2.6.0",
      "resolved": "https://registry.npmjs.org/commander/-/commander-2.6.0.tgz",
      "integrity": "sha1-nfflL7Kgyw+4kFjugMMQQiXzfh0="
    },
    "compressible": {
      "version": "2.0.7",
      "resolved": "https://registry.npmjs.org/compressible/-/compressible-2.0.7.tgz",
      "integrity": "sha1-IFjFJyL9PxU4pPIqsU0GNZBNGa4=",
      "requires": {
        "mime-db": ">= 1.21.0 < 2"
      }
    },
    "compression": {
      "version": "1.6.1",
      "resolved": "https://registry.npmjs.org/compression/-/compression-1.6.1.tgz",
      "integrity": "sha1-G/T5b9cgGaP9EVE7T8Tc070W21U=",
      "requires": {
        "accepts": "~1.3.1",
        "bytes": "2.2.0",
        "compressible": "~2.0.7",
        "debug": "~2.2.0",
        "on-headers": "~1.0.1",
        "vary": "~1.1.0"
      }
    },
    "connect-flash": {
      "version": "0.1.1",
      "resolved": "https://registry.npmjs.org/connect-flash/-/connect-flash-0.1.1.tgz",
      "integrity": "sha1-2GMPJtlaf4UfmVax6MxnMvO2qjA="
    },
    "constantinople": {
      "version": "3.0.2",
      "resolved": "https://registry.npmjs.org/constantinople/-/constantinople-3.0.2.tgz",
      "integrity": "sha1-S5RdmTeQe82Y7ldRIsOBdRZUQUE=",
      "requires": {
        "acorn": "^2.1.0"
      }
    },
    "content-disposition": {
      "version": "0.5.1",
      "resolved": "https://registry.npmjs.org/content-disposition/-/content-disposition-0.5.1.tgz",
      "integrity": "sha1-h0dsamfI2qh+Muh2Ft+IO6f7Bxs="
    },
    "content-type": {
      "version": "1.0.1",
      "resolved": "https://registry.npmjs.org/content-type/-/content-type-1.0.1.tgz",
      "integrity": "sha1-oZ0iRzJ9wDgFDOYit6FU7FnF5gA="
    },
    "cookie": {
      "version": "0.2.3",
      "resolved": "https://registry.npmjs.org/cookie/-/cookie-0.2.3.tgz",
      "integrity": "sha1-GllTavaFN6IReKATRvh8sFnSrlw="
    },
    "cookie-parser": {
      "version": "1.4.1",
      "resolved": "https://registry.npmjs.org/cookie-parser/-/cookie-parser-1.4.1.tgz",
      "integrity": "sha1-aw7mqN7CegY69C0YilkswdcrpPQ=",
      "requires": {
        "cookie": "0.2.3",
        "cookie-signature": "1.0.6"
      }
    },
    "cookie-signature": {
      "version": "1.0.6",
      "resolved": "https://registry.npmjs.org/cookie-signature/-/cookie-signature-1.0.6.tgz",
      "integrity": "sha1-4wOogrNCzD7oylE6eZmXNNqzriw="
    },
    "core-util-is": {
      "version": "1.0.2",
      "resolved": "https://registry.npmjs.org/core-util-is/-/core-util-is-1.0.2.tgz",
      "integrity": "sha1-tf1UIgqivFq1eqtxQMlAdUUDwac=",
      "optional": true
    },
    "crc": {
      "version": "3.4.0",
      "resolved": "https://registry.npmjs.org/crc/-/crc-3.4.0.tgz",
      "integrity": "sha1-QljjUWE6dO8RU9/LBeggw+lxXX8="
    },
    "crud-service": {
      "version": "0.0.5",
      "resolved": "https://registry.npmjs.org/crud-service/-/crud-service-0.0.5.tgz",
      "integrity": "sha1-o5tKh6YetKtBpS6BBHlP5kPBrw0=",
      "requires": {
        "piton-pipe": "*"
      }
    },
    "css": {
      "version": "1.0.8",
      "resolved": "https://registry.npmjs.org/css/-/css-1.0.8.tgz",
      "integrity": "sha1-k4aBHKgrzMnuf7WnMrHioxfIo+c=",
      "requires": {
        "css-parse": "1.0.4",
        "css-stringify": "1.0.5"
      }
    },
    "css-parse": {
      "version": "1.0.4",
      "resolved": "https://registry.npmjs.org/css-parse/-/css-parse-1.0.4.tgz",
      "integrity": "sha1-OLBQP7+dqfVOnB29pg4UXHcRe90="
    },
    "css-stringify": {
      "version": "1.0.5",
      "resolved": "https://registry.npmjs.org/css-stringify/-/css-stringify-1.0.5.tgz",
      "integrity": "sha1-sNBClG2ylTu50pKQCmy19tASIDE="
    },
    "debug": {
      "version": "2.2.0",
      "resolved": "https://registry.npmjs.org/debug/-/debug-2.2.0.tgz",
      "integrity": "sha1-+HBX6ZWxofauaklgZkE3vFbwOdo=",
      "requires": {
        "ms": "0.7.1"
      }
    },
    "decamelize": {
      "version": "1.2.0",
      "resolved": "https://registry.npmjs.org/decamelize/-/decamelize-1.2.0.tgz",
      "integrity": "sha1-9lNNFRSCabIDUue+4m9QH5oZEpA="
    },
    "depd": {
      "version": "1.1.0",
      "resolved": "https://registry.npmjs.org/depd/-/depd-1.1.0.tgz",
      "integrity": "sha1-4b2Cxqq2ztlluXuIsX7T5SjKGMM="
    },
    "destroy": {
      "version": "1.0.4",
      "resolved": "https://registry.npmjs.org/destroy/-/destroy-1.0.4.tgz",
      "integrity": "sha1-l4hXRCxEdJ5CBmE+N5RiBYJqvYA="
    },
    "ee-first": {
      "version": "1.1.1",
      "resolved": "https://registry.npmjs.org/ee-first/-/ee-first-1.1.1.tgz",
      "integrity": "sha1-WQxhFWsK4vTwJVcyoViyZrxWsh0="
    },
    "escape-html": {
      "version": "1.0.3",
      "resolved": "https://registry.npmjs.org/escape-html/-/escape-html-1.0.3.tgz",
      "integrity": "sha1-Aljq5NPQwJdN4cFpGI7wBR0dGYg="
    },
    "esmangle-evaluator": {
      "version": "1.0.0",
      "resolved": "https://registry.npmjs.org/esmangle-evaluator/-/esmangle-evaluator-1.0.0.tgz",
      "integrity": "sha1-lvjeWB3f16qQfvI0jYtSYh/lHsg=",
      "optional": true
    },
    "esprima": {
      "version": "2.7.2",
      "resolved": "https://registry.npmjs.org/esprima/-/esprima-2.7.2.tgz",
      "integrity": "sha1-9DvlQ2CZhOrkTJM6xjNSpq818zk=",
      "optional": true
    },
    "etag": {
      "version": "1.7.0",
      "resolved": "https://registry.npmjs.org/etag/-/etag-1.7.0.tgz",
      "integrity": "sha1-A9MLX2fdbmMtKUXTDWZScxo01dg="
    },
    "express": {
      "version": "4.13.4",
      "resolved": "https://registry.npmjs.org/express/-/express-4.13.4.tgz",
      "integrity": "sha1-PAt288d1kMg0VzkGHsC9O6Bn7CQ=",
      "requires": {
        "accepts": "~1.2.12",
        "array-flatten": "1.1.1",
        "content-disposition": "0.5.1",
        "content-type": "~1.0.1",
        "cookie": "0.1.5",
        "cookie-signature": "1.0.6",
        "debug": "~2.2.0",
        "depd": "~1.1.0",
        "escape-html": "~1.0.3",
        "etag": "~1.7.0",
        "finalhandler": "0.4.1",
        "fresh": "0.3.0",
        "merge-descriptors": "1.0.1",
        "methods": "~1.1.2",
        "on-finished": "~2.3.0",
        "parseurl": "~1.3.1",
        "path-to-regexp": "0.1.7",
        "proxy-addr": "~1.0.10",
        "qs": "4.0.0",
        "range-parser": "~1.0.3",
        "send": "0.13.1",
        "serve-static": "~1.10.2",
        "type-is": "~1.6.6",
        "utils-merge": "1.0.0",
        "vary": "~1.0.1"
      },
      "dependencies": {
        "accepts": {
          "version": "1.2.13",
          "resolved": "https://registry.npmjs.org/accepts/-/accepts-1.2.13.tgz",
          "integrity": "sha1-5fHzkoxtlf2WVYw27D2dDeSm7Oo=",
          "requires": {
            "mime-types": "~2.1.6",
            "negotiator": "0.5.3"
          }
        },
        "cookie": {
          "version": "0.1.5",
          "resolved": "https://registry.npmjs.org/cookie/-/cookie-0.1.5.tgz",
          "integrity": "sha1-armUiksa4hlSzSWIUwpHItQETXw="
        },
        "negotiator": {
          "version": "0.5.3",
          "resolved": "https://registry.npmjs.org/negotiator/-/negotiator-0.5.3.tgz",
          "integrity": "sha1-Jp1cR2gQ7JLtvntsLygxY4T5p+g="
        },
        "qs": {
          "version": "4.0.0",
          "resolved": "https://registry.npmjs.org/qs/-/qs-4.0.0.tgz",
          "integrity": "sha1-wx2bdOwn33XlQ6hseHKO2NRiNgc="
        },
        "vary": {
          "version": "1.0.1",
          "resolved": "https://registry.npmjs.org/vary/-/vary-1.0.1.tgz",
          "integrity": "sha1-meSYFWaihhGN+yuBc1ffeZM3bRA="
        }
      }
    },
    "express-session": {
      "version": "1.13.0",
      "resolved": "https://registry.npmjs.org/express-session/-/express-session-1.13.0.tgz",
      "integrity": "sha1-isO1wBiLSDgoUdiCB7jndG77QBE=",
      "requires": {
        "cookie": "0.2.3",
        "cookie-signature": "1.0.6",
        "crc": "3.4.0",
        "debug": "~2.2.0",
        "depd": "~1.1.0",
        "on-headers": "~1.0.1",
        "parseurl": "~1.3.0",
        "uid-safe": "~2.0.0",
        "utils-merge": "1.0.0"
      }
    },
    "falafel": {
      "version": "1.2.0",
      "resolved": "https://registry.npmjs.org/falafel/-/falafel-1.2.0.tgz",
      "integrity": "sha1-wY0k71CRF0pJfzGM0ksCaiXN2rQ=",
      "optional": true,
      "requires": {
        "acorn": "^1.0.3",
        "foreach": "^2.0.5",
        "isarray": "0.0.1",
        "object-keys": "^1.0.6"
      },
      "dependencies": {
        "acorn": {
          "version": "1.2.2",
          "resolved": "https://registry.npmjs.org/acorn/-/acorn-1.2.2.tgz",
          "integrity": "sha1-yM4n3grMdtiW0rH6099YjZ6C8BQ=",
          "optional": true
        },
        "isarray": {
          "version": "0.0.1",
          "resolved": "https://registry.npmjs.org/isarray/-/isarray-0.0.1.tgz",
          "integrity": "sha1-ihis/Kmo9Bd+Cav8YDiTmwXR7t8=",
          "optional": true
        }
      }
    },
    "finalhandler": {
      "version": "0.4.1",
      "resolved": "https://registry.npmjs.org/finalhandler/-/finalhandler-0.4.1.tgz",
      "integrity": "sha1-haF8bFmpRxfSYtYSMNSw6+PUoU0=",
      "requires": {
        "debug": "~2.2.0",
        "escape-html": "~1.0.3",
        "on-finished": "~2.3.0",
        "unpipe": "~1.0.0"
      }
    },
    "flat": {
      "version": "4.1.1",
      "resolved": "https://registry.npmjs.org/flat/-/flat-4.1.1.tgz",
      "integrity": "sha512-FmTtBsHskrU6FJ2VxCnsDb84wu9zhmO3cUX2kGFb5tuwhfXxGciiT0oRY+cck35QmG+NmGh5eLz6lLCpWTqwpA==",
      "dev": true,
      "requires": {
        "is-buffer": "~2.0.3"
      },
      "dependencies": {
        "is-buffer": {
          "version": "2.0.5",
          "resolved": "https://registry.npmjs.org/is-buffer/-/is-buffer-2.0.5.tgz",
          "integrity": "sha512-i2R6zNFDwgEHJyQUtJEk0XFi1i0dPFn/oqjK3/vPCcDeJvW5NQ83V8QbicfF1SupOaB0h8ntgBC2YiE7dfyctQ==",
          "dev": true
        }
      }
    },
    "foreach": {
      "version": "2.0.5",
      "resolved": "https://registry.npmjs.org/foreach/-/foreach-2.0.5.tgz",
      "integrity": "sha1-C+4AUBiusmDQo6865ljdATbsG5k=",
      "optional": true
    },
    "forwarded": {
      "version": "0.1.0",
      "resolved": "https://registry.npmjs.org/forwarded/-/forwarded-0.1.0.tgz",
      "integrity": "sha1-Ge+YdMSuHCl7zweP3mOgm2aoQ2M="
    },
    "fresh": {
      "version": "0.3.0",
      "resolved": "https://registry.npmjs.org/fresh/-/fresh-0.3.0.tgz",
      "integrity": "sha1-ZR+DjiJCTnVm3hYdg1jKoZn4PU8="
    },
    "glob": {
      "version": "3.2.11",
      "resolved": "https://registry.npmjs.org/glob/-/glob-3.2.11.tgz",
      "integrity": "sha1-Spc/Y1uRkPcV0QmH1cAP0oFevj0=",
      "requires": {
        "inherits": "2",
        "minimatch": "0.3"
      }
    },
    "graceful-readlink": {
      "version": "1.0.1",
      "resolved": "https://registry.npmjs.org/graceful-readlink/-/graceful-readlink-1.0.1.tgz",
      "integrity": "sha1-TK+tdrxi8C+gObL5Tpo906ORpyU="
    },
    "highlight.js": {
      "version": "9.3.0",
      "resolved": "https://registry.npmjs.org/highlight.js/-/highlight.js-9.3.0.tgz",
      "integrity": "sha1-sSfV04wXzG7ipjM7Z1ZoMmGsYVw="
    },
    "http-errors": {
      "version": "1.4.0",
      "resolved": "https://registry.npmjs.org/http-errors/-/http-errors-1.4.0.tgz",
      "integrity": "sha1-bAJC3qaz33r9oVPHEImzHG6Cqr8=",
      "requires": {
        "inherits": "2.0.1",
        "statuses": ">= 1.2.1 < 2"
      }
    },
    "iconv-lite": {
      "version": "0.4.13",
      "resolved": "https://registry.npmjs.org/iconv-lite/-/iconv-lite-0.4.13.tgz",
      "integrity": "sha1-H4irpKsLFQjoMSrMOTRfNumS4vI="
    },
    "inherits": {
      "version": "2.0.1",
      "resolved": "https://registry.npmjs.org/inherits/-/inherits-2.0.1.tgz",
      "integrity": "sha1-sX0I0ya0Qj5Wjv9xn5GwscvfafE="
    },
    "inline-process-browser": {
      "version": "2.0.1",
      "resolved": "https://registry.npmjs.org/inline-process-browser/-/inline-process-browser-2.0.1.tgz",
      "integrity": "sha1-9pfW87SK77nMEmzggGBDsxc2srE=",
      "optional": true,
      "requires": {
        "falafel": "^1.0.1",
        "through2": "^0.6.5"
      }
    },
    "ipaddr.js": {
      "version": "1.0.5",
      "resolved": "https://registry.npmjs.org/ipaddr.js/-/ipaddr.js-1.0.5.tgz",
      "integrity": "sha1-X6eM8wG4JceKvDBC2BJyMEnqI8c="
    },
    "is-buffer": {
      "version": "1.1.3",
      "resolved": "https://registry.npmjs.org/is-buffer/-/is-buffer-1.1.3.tgz",
      "integrity": "sha1-24l/w/esotUN6UtsjCiWpHcWJ68="
    },
    "is-promise": {
      "version": "2.1.0",
      "resolved": "https://registry.npmjs.org/is-promise/-/is-promise-2.1.0.tgz",
      "integrity": "sha1-eaKp7OfwlugPNtKy87wWwf9L8/o="
    },
    "isarray": {
      "version": "1.0.0",
      "resolved": "https://registry.npmjs.org/isarray/-/isarray-1.0.0.tgz",
      "integrity": "sha1-u5NdSFgsuhaMBoNJV6VKPgcSTxE=",
      "optional": true
    },
    "jade": {
      "version": "1.11.0",
      "resolved": "https://registry.npmjs.org/jade/-/jade-1.11.0.tgz",
      "integrity": "sha1-nIDlOMEtP7lcjZu5VZ+gzAQEBf0=",
      "requires": {
        "character-parser": "1.2.1",
        "clean-css": "^3.1.9",
        "commander": "~2.6.0",
        "constantinople": "~3.0.1",
        "jstransformer": "0.0.2",
        "mkdirp": "~0.5.0",
        "transformers": "2.1.0",
        "uglify-js": "^2.4.19",
        "void-elements": "~2.0.1",
        "with": "~4.0.0"
      }
    },
    "json2csv": {
      "version": "3.11.5",
      "resolved": "https://registry.npmjs.org/json2csv/-/json2csv-3.11.5.tgz",
      "integrity": "sha512-ORsw84BuRKMLxfI+HFZuvxRDnsJps53D5fIGr6tLn4ZY+ymcG8XU00E+JJ2wfAiHx5w2QRNmOLE8xHiGAeSfuQ==",
      "dev": true,
      "requires": {
        "cli-table": "^0.3.1",
        "commander": "^2.8.1",
        "debug": "^3.1.0",
        "flat": "^4.0.0",
        "lodash.clonedeep": "^4.5.0",
        "lodash.flatten": "^4.4.0",
        "lodash.get": "^4.4.0",
        "lodash.set": "^4.3.0",
        "lodash.uniq": "^4.5.0",
        "path-is-absolute": "^1.0.0"
      },
      "dependencies": {
        "commander": {
          "version": "2.20.3",
          "resolved": "https://registry.npmjs.org/commander/-/commander-2.20.3.tgz",
          "integrity": "sha512-GpVkmM8vF2vQUkj2LvZmD35JxeJOLCwJ9cUkugyk2nuhbv3+mJvpLYYt+0+USMxE+oj+ey/lJEnhZw75x/OMcQ==",
          "dev": true
        },
        "debug": {
          "version": "3.2.7",
          "resolved": "https://registry.npmjs.org/debug/-/debug-3.2.7.tgz",
          "integrity": "sha512-CFjzYYAi4ThfiQvizrFQevTTXHtnCqWfe7x1AhgEscTz6ZbLbfoLRLPugTQyBth6f8ZERVUSyWHFD/7Wu4t1XQ==",
          "dev": true,
          "requires": {
            "ms": "^2.1.1"
          }
        },
        "ms": {
          "version": "2.1.3",
          "resolved": "https://registry.npmjs.org/ms/-/ms-2.1.3.tgz",
          "integrity": "sha512-6FlzubTLZG3J2a/NVCAleEhjzq5oxgHyaCU9yYXvcLsvoVaHJq/s5xXI6/XXP6tz7R9xAOtHnSO/tXtF3WRTlA==",
          "dev": true
        }
      }
    },
    "jstransformer": {
      "version": "0.0.2",
      "resolved": "https://registry.npmjs.org/jstransformer/-/jstransformer-0.0.2.tgz",
      "integrity": "sha1-eq4pqQPRls+glz2IXT5HlH7Ndqs=",
      "requires": {
        "is-promise": "^2.0.0",
        "promise": "^6.0.1"
      }
    },
    "kerberos": {
      "version": "0.0.11",
      "resolved": "https://registry.npmjs.org/kerberos/-/kerberos-0.0.11.tgz",
      "integrity": "sha1-yymJHCHCKsGV8xQLl90SIE/qfcI=",
      "optional": true,
      "requires": {
        "nan": "~1.8"
      }
    },
    "kind-of": {
      "version": "3.0.2",
      "resolved": "https://registry.npmjs.org/kind-of/-/kind-of-3.0.2.tgz",
      "integrity": "sha1-GH20JwRufpCUVpLmdoZovWkA3qA=",
      "requires": {
        "is-buffer": "^1.0.2"
      }
    },
    "lazy-cache": {
      "version": "1.0.3",
      "resolved": "https://registry.npmjs.org/lazy-cache/-/lazy-cache-1.0.3.tgz",
      "integrity": "sha1-6XdUYY+ciGu5mbL/aceLgkU9ZnQ="
    },
    "lodash": {
      "version": "2.4.2",
      "resolved": "https://registry.npmjs.org/lodash/-/lodash-2.4.2.tgz",
      "integrity": "sha1-+t2DS5aDBz2hebPq5tnA0VBT9z4="
    },
    "lodash.clonedeep": {
      "version": "4.5.0",
      "resolved": "https://registry.npmjs.org/lodash.clonedeep/-/lodash.clonedeep-4.5.0.tgz",
      "integrity": "sha1-4j8/nE+Pvd6HJSnBBxhXoIblzO8=",
      "dev": true
    },
    "lodash.flatten": {
      "version": "4.4.0",
      "resolved": "https://registry.npmjs.org/lodash.flatten/-/lodash.flatten-4.4.0.tgz",
      "integrity": "sha1-8xwiIlqWMtK7+OSt2+8kCqdlph8=",
      "dev": true
    },
    "lodash.get": {
      "version": "4.4.2",
      "resolved": "https://registry.npmjs.org/lodash.get/-/lodash.get-4.4.2.tgz",
      "integrity": "sha1-LRd/ZS+jHpObRDjVNBSZ36OCXpk=",
      "dev": true
    },
    "lodash.set": {
      "version": "4.3.2",
      "resolved": "https://registry.npmjs.org/lodash.set/-/lodash.set-4.3.2.tgz",
      "integrity": "sha1-2HV7HagH3eJIFrDWqEvqGnYjCyM=",
      "dev": true
    },
    "lodash.uniq": {
      "version": "4.5.0",
      "resolved": "https://registry.npmjs.org/lodash.uniq/-/lodash.uniq-4.5.0.tgz",
      "integrity": "sha1-0CJTc662Uq3BvILklFM5qEJ1R3M=",
      "dev": true
    },
    "longest": {
      "version": "1.0.1",
      "resolved": "https://registry.npmjs.org/longest/-/longest-1.0.1.tgz",
      "integrity": "sha1-MKCy2jj3N3DoKUoNIuZiXtd9AJc="
    },
    "lru-cache": {
      "version": "2.7.3",
      "resolved": "https://registry.npmjs.org/lru-cache/-/lru-cache-2.7.3.tgz",
      "integrity": "sha1-bUUk6LlV+V1PW1iFHOId1y+06VI="
    },
    "marked": {
      "version": "4.0.10",
      "resolved": "https://registry.npmjs.org/marked/-/marked-4.0.10.tgz",
      "integrity": "sha512-+QvuFj0nGgO970fySghXGmuw+Fd0gD2x3+MqCWLIPf5oxdv1Ka6b2q+z9RP01P/IaKPMEramy+7cNy/Lw8c3hw=="
    },
    "media-typer": {
      "version": "0.3.0",
      "resolved": "https://registry.npmjs.org/media-typer/-/media-typer-0.3.0.tgz",
      "integrity": "sha1-hxDXrwqmJvj/+hzgAWhUUmMlV0g="
    },
    "merge-descriptors": {
      "version": "1.0.1",
      "resolved": "https://registry.npmjs.org/merge-descriptors/-/merge-descriptors-1.0.1.tgz",
      "integrity": "sha1-sAqqVW3YtEVoFQ7J0blT8/kMu2E="
    },
    "methods": {
      "version": "1.1.2",
      "resolved": "https://registry.npmjs.org/methods/-/methods-1.1.2.tgz",
      "integrity": "sha1-VSmk1nZUE07cxSZmVoNbD4Ua/O4="
    },
    "mime": {
      "version": "1.3.4",
      "resolved": "https://registry.npmjs.org/mime/-/mime-1.3.4.tgz",
      "integrity": "sha1-EV+eO2s9rylZmDyzjxSaLUDrXVM="
    },
    "mime-db": {
      "version": "1.22.0",
      "resolved": "https://registry.npmjs.org/mime-db/-/mime-db-1.22.0.tgz",
      "integrity": "sha1-qyOmNy3J2G09yRIb0OvTgQWhkEo="
    },
    "mime-types": {
      "version": "2.1.10",
      "resolved": "https://registry.npmjs.org/mime-types/-/mime-types-2.1.10.tgz",
      "integrity": "sha1-uTx8tDYuFtQQcqflRTj7TUMHCDc=",
      "requires": {
        "mime-db": "~1.22.0"
      }
    },
    "minimatch": {
      "version": "0.3.0",
      "resolved": "https://registry.npmjs.org/minimatch/-/minimatch-0.3.0.tgz",
      "integrity": "sha1-J12O2qxPG7MyZHIInnlJyDlGmd0=",
      "requires": {
        "lru-cache": "2",
        "sigmund": "~1.0.0"
      }
    },
    "minimist": {
      "version": "0.0.8",
      "resolved": "https://registry.npmjs.org/minimist/-/minimist-0.0.8.tgz",
      "integrity": "sha1-hX/Kv8M5fSYluCKCYuhqp6ARsF0="
    },
    "mkdirp": {
      "version": "0.5.1",
      "resolved": "https://registry.npmjs.org/mkdirp/-/mkdirp-0.5.1.tgz",
      "integrity": "sha1-MAV0OOrGz3+MR2fzhkjWaX11yQM=",
      "requires": {
        "minimist": "0.0.8"
      }
    },
    "moment": {
      "version": "2.13.0",
      "resolved": "https://registry.npmjs.org/moment/-/moment-2.13.0.tgz",
      "integrity": "sha1-JBYtmVIebUD5muaTnoBtITnqrFI="
    },
    "mongodb": {
      "version": "1.4.40",
      "resolved": "https://registry.npmjs.org/mongodb/-/mongodb-1.4.40.tgz",
      "integrity": "sha1-z9gLdP3w+gU/LM+19JxHyjKjjvs=",
      "requires": {
        "bson": "~0.2",
        "kerberos": "0.0.11",
        "readable-stream": "^2.1.0"
      }
    },
    "morgan": {
      "version": "1.7.0",
      "resolved": "https://registry.npmjs.org/morgan/-/morgan-1.7.0.tgz",
      "integrity": "sha1-6xDKjlDRq+D409rVwCAdBS2YHGI=",
      "requires": {
        "basic-auth": "~1.0.3",
        "debug": "~2.2.0",
        "depd": "~1.1.0",
        "on-finished": "~2.3.0",
        "on-headers": "~1.0.1"
      }
    },
    "ms": {
      "version": "0.7.1",
      "resolved": "https://registry.npmjs.org/ms/-/ms-0.7.1.tgz",
      "integrity": "sha1-nNE8A62/8ltl7/3nzoZO6VIBcJg="
    },
    "nan": {
      "version": "1.8.4",
      "resolved": "https://registry.npmjs.org/nan/-/nan-1.8.4.tgz",
      "integrity": "sha1-PHa1OC6rM+RLdY0oE8qdkuk0LzQ="
    },
    "negotiator": {
      "version": "0.6.0",
      "resolved": "https://registry.npmjs.org/negotiator/-/negotiator-0.6.0.tgz",
      "integrity": "sha1-M1k6WisM4wyYWEDG9WtvseqeOlU="
    },
    "object-keys": {
      "version": "1.0.9",
      "resolved": "https://registry.npmjs.org/object-keys/-/object-keys-1.0.9.tgz",
      "integrity": "sha1-yrsSAtmnrym1Dt+s6AlLtG2l6iE=",
      "optional": true
    },
    "on-finished": {
      "version": "2.3.0",
      "resolved": "https://registry.npmjs.org/on-finished/-/on-finished-2.3.0.tgz",
      "integrity": "sha1-IPEzZIGwg811M3mSoWlxqi2QaUc=",
      "requires": {
        "ee-first": "1.1.1"
      }
    },
    "on-headers": {
      "version": "1.0.1",
      "resolved": "https://registry.npmjs.org/on-headers/-/on-headers-1.0.1.tgz",
      "integrity": "sha1-ko9dD0cNSTQmUepnlLCFfBAGk/c="
    },
    "optimist": {
      "version": "0.3.7",
      "resolved": "https://registry.npmjs.org/optimist/-/optimist-0.3.7.tgz",
      "integrity": "sha1-yQlBrVnkJzMokjB00s8ufLxuwNk=",
      "requires": {
        "wordwrap": "~0.0.2"
      }
    },
    "parseurl": {
      "version": "1.3.1",
      "resolved": "https://registry.npmjs.org/parseurl/-/parseurl-1.3.1.tgz",
      "integrity": "sha1-yKuMkiO6NIiKpkopeyiFO+wY2lY="
    },
    "passport": {
      "version": "0.3.2",
      "resolved": "https://registry.npmjs.org/passport/-/passport-0.3.2.tgz",
      "integrity": "sha1-ndAJ+RXo/glbASSgG4+C2gdRAQI=",
      "requires": {
        "passport-strategy": "1.x.x",
        "pause": "0.0.1"
      }
    },
    "passport-local": {
      "version": "1.0.0",
      "resolved": "https://registry.npmjs.org/passport-local/-/passport-local-1.0.0.tgz",
      "integrity": "sha1-H+YyaMkudWBmJkN+O5BmYsFbpu4=",
      "requires": {
        "passport-strategy": "1.x.x"
      }
    },
    "passport-strategy": {
      "version": "1.0.0",
      "resolved": "https://registry.npmjs.org/passport-strategy/-/passport-strategy-1.0.0.tgz",
      "integrity": "sha1-tVOaqPwiWj0a0XlHbd8ja0QPUuQ="
    },
    "path-is-absolute": {
      "version": "1.0.1",
      "resolved": "https://registry.npmjs.org/path-is-absolute/-/path-is-absolute-1.0.1.tgz",
      "integrity": "sha1-F0uSaHNVNP+8es5r9TpanhtcX18=",
      "dev": true
    },
    "path-to-regexp": {
      "version": "0.1.7",
      "resolved": "https://registry.npmjs.org/path-to-regexp/-/path-to-regexp-0.1.7.tgz",
      "integrity": "sha1-32BBeABfUi8V60SQ5yR6G/qmf4w="
    },
    "pause": {
      "version": "0.0.1",
      "resolved": "https://registry.npmjs.org/pause/-/pause-0.0.1.tgz",
      "integrity": "sha1-HUCLP9t2kjuVQ9lvtMnf1TXZy10="
    },
    "piton-pipe": {
      "version": "0.0.4",
      "resolved": "https://registry.npmjs.org/piton-pipe/-/piton-pipe-0.0.4.tgz",
      "integrity": "sha1-GKRShhzSgKVPJLD//yFnzOHj608="
    },
    "piton-string-utils": {
      "version": "0.3.0",
      "resolved": "https://registry.npmjs.org/piton-string-utils/-/piton-string-utils-0.3.0.tgz",
      "integrity": "sha1-WX7zh60QNw6F1K/tpOSLsWRpL6E="
    },
    "private": {
      "version": "0.1.6",
      "resolved": "https://registry.npmjs.org/private/-/private-0.1.6.tgz",
      "integrity": "sha1-VcapdtD5uvuZJIUTUP5HubX7t8E=",
      "optional": true
    },
    "process-nextick-args": {
      "version": "1.0.6",
      "resolved": "https://registry.npmjs.org/process-nextick-args/-/process-nextick-args-1.0.6.tgz",
      "integrity": "sha1-D5awAc6pCxJZLOVm7bl+wR5pvQU=",
      "optional": true
    },
    "promise": {
      "version": "6.1.0",
      "resolved": "https://registry.npmjs.org/promise/-/promise-6.1.0.tgz",
      "integrity": "sha1-LOcp9rlLRcJoka0GAsXJDgTG7vY=",
      "requires": {
        "asap": "~1.0.0"
      }
    },
    "proxy-addr": {
      "version": "1.0.10",
      "resolved": "https://registry.npmjs.org/proxy-addr/-/proxy-addr-1.0.10.tgz",
      "integrity": "sha1-DUCoL4Afw1VWfS7LZe/j8HfxIcU=",
      "requires": {
        "forwarded": "~0.1.0",
        "ipaddr.js": "1.0.5"
      }
    },
    "qs": {
      "version": "6.1.0",
      "resolved": "https://registry.npmjs.org/qs/-/qs-6.1.0.tgz",
      "integrity": "sha1-7B0WJrJCeNmfD99FSeUk4k7O6yY="
    },
    "range-parser": {
      "version": "1.0.3",
      "resolved": "https://registry.npmjs.org/range-parser/-/range-parser-1.0.3.tgz",
      "integrity": "sha1-aHKCNTXGkuLCoBA4Jq/YLC4P8XU="
    },
    "raw-body": {
      "version": "2.1.6",
      "resolved": "https://registry.npmjs.org/raw-body/-/raw-body-2.1.6.tgz",
      "integrity": "sha1-nAUHN/4HztbZSk/QnGG2rYdNMQ8=",
      "requires": {
        "bytes": "2.3.0",
        "iconv-lite": "0.4.13",
        "unpipe": "1.0.0"
      },
      "dependencies": {
        "bytes": {
          "version": "2.3.0",
          "resolved": "https://registry.npmjs.org/bytes/-/bytes-2.3.0.tgz",
          "integrity": "sha1-1baAoWW2IBc5rLYRVCqrwtjOsHA="
        }
      }
    },
    "readable-stream": {
      "version": "2.1.0",
      "resolved": "https://registry.npmjs.org/readable-stream/-/readable-stream-2.1.0.tgz",
      "integrity": "sha1-NvQuoEJOspqYXkqB0xvi+W4fL4A=",
      "optional": true,
      "requires": {
        "core-util-is": "~1.0.0",
        "inherits": "~2.0.1",
        "inline-process-browser": "~2.0.1",
        "isarray": "~1.0.0",
        "process-nextick-args": "~1.0.6",
        "string_decoder": "~0.10.x",
        "unreachable-branch-transform": "~0.5.0",
        "util-deprecate": "~1.0.1"
      }
    },
    "recast": {
      "version": "0.11.5",
      "resolved": "https://registry.npmjs.org/recast/-/recast-0.11.5.tgz",
      "integrity": "sha1-qF1jM1hu6uxQhJjh5MRpChTLZis=",
      "optional": true,
      "requires": {
        "ast-types": "0.8.16",
        "esprima": "~2.7.1",
        "private": "~0.1.5",
        "source-map": "~0.5.0"
      },
      "dependencies": {
        "source-map": {
          "version": "0.5.3",
          "resolved": "https://registry.npmjs.org/source-map/-/source-map-0.5.3.tgz",
          "integrity": "sha1-gmdLhacbC+dsPnQW0V6fUlLrO+A=",
          "optional": true
        }
      }
    },
    "repeat-string": {
      "version": "1.5.4",
      "resolved": "https://registry.npmjs.org/repeat-string/-/repeat-string-1.5.4.tgz",
      "integrity": "sha1-ZOwMkeD0tHX5DVtkNlHj5uW2wtU="
    },
    "right-align": {
      "version": "0.1.3",
      "resolved": "https://registry.npmjs.org/right-align/-/right-align-0.1.3.tgz",
      "integrity": "sha1-YTObci/mo1FWiSENJOFMlhSGE+8=",
      "requires": {
        "align-text": "^0.1.1"
      }
    },
    "rss": {
      "version": "0.3.2",
      "resolved": "https://registry.npmjs.org/rss/-/rss-0.3.2.tgz",
      "integrity": "sha1-mgEoKKX51jkHp26PbIchsSOKlm0=",
      "requires": {
        "mime": "~1.2.11",
        "xml": "~0.0.12"
      },
      "dependencies": {
        "mime": {
          "version": "1.2.11",
          "resolved": "https://registry.npmjs.org/mime/-/mime-1.2.11.tgz",
          "integrity": "sha1-WCA+7Ybjpe8XrtK32evUfwpg3RA="
        }
      }
    },
    "save": {
      "version": "0.0.20",
      "resolved": "https://registry.npmjs.org/save/-/save-0.0.20.tgz",
      "integrity": "sha1-3WrQhCepq0gUPpZNdlXZ/tqI5fQ=",
      "requires": {
        "async": "*",
        "lodash": "*"
      }
    },
    "save-mongodb": {
      "version": "0.0.11",
      "resolved": "https://registry.npmjs.org/save-mongodb/-/save-mongodb-0.0.11.tgz",
      "integrity": "sha1-aJ7t8IIT/ZZExWHVlliGNgh+xnc=",
      "requires": {
        "lodash": "*",
        "mongodb": ">=1.2.13"
      }
    },
    "sax": {
      "version": "0.5.8",
      "resolved": "https://registry.npmjs.org/sax/-/sax-0.5.8.tgz",
      "integrity": "sha1-1HLbIo6zMcJQaw6MFVJK25OdEsE="
    },
    "schemata": {
      "version": "2.4.0",
      "resolved": "https://registry.npmjs.org/schemata/-/schemata-2.4.0.tgz",
      "integrity": "sha1-hojoMQBJvL8zt1UHKWw+ZAN44KE=",
      "requires": {
        "async": "^0.2.10",
        "piton-string-utils": "~0.3",
        "validity": "~0.0"
      },
      "dependencies": {
        "async": {
          "version": "0.2.10",
          "resolved": "https://registry.npmjs.org/async/-/async-0.2.10.tgz",
          "integrity": "sha1-trvgsGdLnXGXCMo43owjfLUmw9E="
        }
      }
    },
    "send": {
      "version": "0.13.1",
      "resolved": "https://registry.npmjs.org/send/-/send-0.13.1.tgz",
      "integrity": "sha1-ow1fTILIqbrprQCh2bG9vm8Zntc=",
      "requires": {
        "debug": "~2.2.0",
        "depd": "~1.1.0",
        "destroy": "~1.0.4",
        "escape-html": "~1.0.3",
        "etag": "~1.7.0",
        "fresh": "0.3.0",
        "http-errors": "~1.3.1",
        "mime": "1.3.4",
        "ms": "0.7.1",
        "on-finished": "~2.3.0",
        "range-parser": "~1.0.3",
        "statuses": "~1.2.1"
      },
      "dependencies": {
        "http-errors": {
          "version": "1.3.1",
          "resolved": "https://registry.npmjs.org/http-errors/-/http-errors-1.3.1.tgz",
          "integrity": "sha1-GX4izevUGYWF6GlO9nhhl7ke2UI=",
          "requires": {
            "inherits": "~2.0.1",
            "statuses": "1"
          }
        }
      }
    },
    "serve-static": {
      "version": "1.10.2",
      "resolved": "https://registry.npmjs.org/serve-static/-/serve-static-1.10.2.tgz",
      "integrity": "sha1-/rgA0OciEk3QsAMzFgwW6cqovLM=",
      "requires": {
        "escape-html": "~1.0.3",
        "parseurl": "~1.3.1",
        "send": "0.13.1"
      }
    },
    "service-locator": {
      "version": "1.0.0",
      "resolved": "https://registry.npmjs.org/service-locator/-/service-locator-1.0.0.tgz",
      "integrity": "sha1-K9P08A15bgk+92ZTACHWhtE2Wyg="
    },
    "sigmund": {
      "version": "1.0.1",
      "resolved": "https://registry.npmjs.org/sigmund/-/sigmund-1.0.1.tgz",
      "integrity": "sha1-P/IfGYytIXX587eBhT/ZTQ0ZtZA="
    },
    "source-map": {
      "version": "0.4.4",
      "resolved": "https://registry.npmjs.org/source-map/-/source-map-0.4.4.tgz",
      "integrity": "sha1-66T12pwNyZneaAMti092FzZSA2s=",
      "requires": {
        "amdefine": ">=0.0.4"
      }
    },
    "statuses": {
      "version": "1.2.1",
      "resolved": "https://registry.npmjs.org/statuses/-/statuses-1.2.1.tgz",
      "integrity": "sha1-3e1FzBglbVHtQK7BQkidXGECbSg="
    },
    "string_decoder": {
      "version": "0.10.31",
      "resolved": "https://registry.npmjs.org/string_decoder/-/string_decoder-0.10.31.tgz",
      "integrity": "sha1-YuIDvEF2bGwoyfyEMB2rHFMQ+pQ=",
      "optional": true
    },
    "stylus": {
      "version": "0.54.2",
      "resolved": "https://registry.npmjs.org/stylus/-/stylus-0.54.2.tgz",
      "integrity": "sha1-d/Dak83lpVq5F0loULerUhRHSgs=",
      "requires": {
        "css-parse": "1.7.x",
        "debug": "*",
        "glob": "3.2.x",
        "mkdirp": "0.5.x",
        "sax": "0.5.x",
        "source-map": "0.1.x"
      },
      "dependencies": {
        "css-parse": {
          "version": "1.7.0",
          "resolved": "https://registry.npmjs.org/css-parse/-/css-parse-1.7.0.tgz",
          "integrity": "sha1-Mh9s9zeCpv91ERE5D8BeLGV9jJs="
        },
        "source-map": {
          "version": "0.1.43",
          "resolved": "https://registry.npmjs.org/source-map/-/source-map-0.1.43.tgz",
          "integrity": "sha1-wkvBRspRfBRx9drL4lcbK3+eM0Y=",
          "requires": {
            "amdefine": ">=0.0.4"
          }
        }
      }
    },
    "through2": {
      "version": "0.6.5",
      "resolved": "https://registry.npmjs.org/through2/-/through2-0.6.5.tgz",
      "integrity": "sha1-QaucZ7KdVyCQcUEOHXp6lozTrUg=",
      "optional": true,
      "requires": {
        "readable-stream": ">=1.0.33-1 <1.1.0-0",
        "xtend": ">=4.0.0 <4.1.0-0"
      },
      "dependencies": {
        "isarray": {
          "version": "0.0.1",
          "resolved": "https://registry.npmjs.org/isarray/-/isarray-0.0.1.tgz",
          "integrity": "sha1-ihis/Kmo9Bd+Cav8YDiTmwXR7t8=",
          "optional": true
        },
        "readable-stream": {
          "version": "1.0.34",
          "resolved": "https://registry.npmjs.org/readable-stream/-/readable-stream-1.0.34.tgz",
          "integrity": "sha1-Elgg40vIQtLyqq+v5MKRbuMsFXw=",
          "optional": true,
          "requires": {
            "core-util-is": "~1.0.0",
            "inherits": "~2.0.1",
            "isarray": "0.0.1",
            "string_decoder": "~0.10.x"
          }
        }
      }
    },
    "transformers": {
      "version": "2.1.0",
      "resolved": "https://registry.npmjs.org/transformers/-/transformers-2.1.0.tgz",
      "integrity": "sha1-XSPLNVYd2F3Gf7hIIwm0fVPM6ac=",
      "requires": {
        "css": "~1.0.8",
        "promise": "~2.0",
        "uglify-js": "~2.2.5"
      },
      "dependencies": {
        "is-promise": {
          "version": "1.0.1",
          "resolved": "https://registry.npmjs.org/is-promise/-/is-promise-1.0.1.tgz",
          "integrity": "sha1-MVc3YcBX4zwukaq56W2gjO++duU="
        },
        "promise": {
          "version": "2.0.0",
          "resolved": "https://registry.npmjs.org/promise/-/promise-2.0.0.tgz",
          "integrity": "sha1-RmSKqdYFr10ucMMCS/WUNtoCuA4=",
          "requires": {
            "is-promise": "~1"
          }
        },
        "source-map": {
          "version": "0.1.43",
          "resolved": "https://registry.npmjs.org/source-map/-/source-map-0.1.43.tgz",
          "integrity": "sha1-wkvBRspRfBRx9drL4lcbK3+eM0Y=",
          "requires": {
            "amdefine": ">=0.0.4"
          }
        },
        "uglify-js": {
          "version": "2.2.5",
          "resolved": "https://registry.npmjs.org/uglify-js/-/uglify-js-2.2.5.tgz",
          "integrity": "sha1-puAqcNg5eSuXgEiLe4sYTAlcmcc=",
          "requires": {
            "optimist": "~0.3.5",
            "source-map": "~0.1.7"
          }
        }
      }
    },
    "type-is": {
      "version": "1.6.12",
      "resolved": "https://registry.npmjs.org/type-is/-/type-is-1.6.12.tgz",
      "integrity": "sha1-A1Kp37//BA/maMwVPMlYKcNUFz4=",
      "requires": {
        "media-typer": "0.3.0",
        "mime-types": "~2.1.10"
      }
    },
    "uglify-js": {
      "version": "2.6.2",
      "resolved": "https://registry.npmjs.org/uglify-js/-/uglify-js-2.6.2.tgz",
      "integrity": "sha1-9QvoikLNOWpiUdxSqzcvccwS/vA=",
      "requires": {
        "async": "~0.2.6",
        "source-map": "~0.5.1",
        "uglify-to-browserify": "~1.0.0",
        "yargs": "~3.10.0"
      },
      "dependencies": {
        "async": {
          "version": "0.2.10",
          "resolved": "https://registry.npmjs.org/async/-/async-0.2.10.tgz",
          "integrity": "sha1-trvgsGdLnXGXCMo43owjfLUmw9E="
        },
        "source-map": {
          "version": "0.5.3",
          "resolved": "https://registry.npmjs.org/source-map/-/source-map-0.5.3.tgz",
          "integrity": "sha1-gmdLhacbC+dsPnQW0V6fUlLrO+A="
        }
      }
    },
    "uglify-to-browserify": {
      "version": "1.0.2",
      "resolved": "https://registry.npmjs.org/uglify-to-browserify/-/uglify-to-browserify-1.0.2.tgz",
      "integrity": "sha1-bgkk1r2mta/jSeOabWMoUKD4grc="
    },
    "uid-safe": {
      "version": "2.0.0",
      "resolved": "https://registry.npmjs.org/uid-safe/-/uid-safe-2.0.0.tgz",
      "integrity": "sha1-p/PGymSh9qXQTsDvPkw9U2cxcTc=",
      "requires": {
        "base64-url": "1.2.1"
      }
    },
    "unpipe": {
      "version": "1.0.0",
      "resolved": "https://registry.npmjs.org/unpipe/-/unpipe-1.0.0.tgz",
      "integrity": "sha1-sr9O6FFKrmFltIF4KdIbLvSZBOw="
    },
    "unreachable-branch-transform": {
      "version": "0.5.1",
      "resolved": "https://registry.npmjs.org/unreachable-branch-transform/-/unreachable-branch-transform-0.5.1.tgz",
      "integrity": "sha1-XgpdqBC09MxoZq/Ci1mqboyE210=",
      "optional": true,
      "requires": {
        "esmangle-evaluator": "^1.0.0",
        "recast": "^0.11.4"
      }
    },
    "util-deprecate": {
      "version": "1.0.2",
      "resolved": "https://registry.npmjs.org/util-deprecate/-/util-deprecate-1.0.2.tgz",
      "integrity": "sha1-RQ1Nyfpw3nMnYvvS1KKJgUGaDM8=",
      "optional": true
    },
    "utils-merge": {
      "version": "1.0.0",
      "resolved": "https://registry.npmjs.org/utils-merge/-/utils-merge-1.0.0.tgz",
      "integrity": "sha1-ApT7kiu5N1FTVBxPcJYjHyh8ivg="
    },
    "validity": {
      "version": "0.0.3",
      "resolved": "https://registry.npmjs.org/validity/-/validity-0.0.3.tgz",
      "integrity": "sha1-/6yAp6oPLn1juw7W/KxwWqOJPcs="
    },
    "validity-unique-property": {
      "version": "0.2.1",
      "resolved": "https://registry.npmjs.org/validity-unique-property/-/validity-unique-property-0.2.1.tgz",
      "integrity": "sha1-5uFb/+90XctXVxK9rGXN8DOjiC8="
    },
    "vary": {
      "version": "1.1.0",
      "resolved": "https://registry.npmjs.org/vary/-/vary-1.1.0.tgz",
      "integrity": "sha1-4eWv+70WrnaN0mdDlLmtMCJlMUA="
    },
    "void-elements": {
      "version": "2.0.1",
      "resolved": "https://registry.npmjs.org/void-elements/-/void-elements-2.0.1.tgz",
      "integrity": "sha1-wGavtYK7HLQSjWDqkjkulNXp2+w="
    },
    "window-size": {
      "version": "0.1.0",
      "resolved": "https://registry.npmjs.org/window-size/-/window-size-0.1.0.tgz",
      "integrity": "sha1-VDjNLqk7IC76Ohn+iIeu58lPnJ0="
    },
    "with": {
      "version": "4.0.3",
      "resolved": "https://registry.npmjs.org/with/-/with-4.0.3.tgz",
      "integrity": "sha1-7v0VTp550sjTQXtkeo8U2f7M4U4=",
      "requires": {
        "acorn": "^1.0.1",
        "acorn-globals": "^1.0.3"
      },
      "dependencies": {
        "acorn": {
          "version": "1.2.2",
          "resolved": "https://registry.npmjs.org/acorn/-/acorn-1.2.2.tgz",
          "integrity": "sha1-yM4n3grMdtiW0rH6099YjZ6C8BQ="
        }
      }
    },
    "wordwrap": {
      "version": "0.0.3",
      "resolved": "https://registry.npmjs.org/wordwrap/-/wordwrap-0.0.3.tgz",
      "integrity": "sha1-o9XabNXAvAAI03I0u68b7WMFkQc="
    },
    "xml": {
      "version": "0.0.12",
      "resolved": "https://registry.npmjs.org/xml/-/xml-0.0.12.tgz",
      "integrity": "sha1-8Is0cQmRK+AChXhfRvFa2OUKX2c="
    },
    "xtend": {
      "version": "4.0.1",
      "resolved": "https://registry.npmjs.org/xtend/-/xtend-4.0.1.tgz",
      "integrity": "sha1-pcbVMr5lbiPbgg77lDofBJmNY68=",
      "optional": true
    },
    "yargs": {
      "version": "3.10.0",
      "resolved": "https://registry.npmjs.org/yargs/-/yargs-3.10.0.tgz",
      "integrity": "sha1-9+572FfdfB0tOMDnTvvWgdFDH9E=",
      "requires": {
        "camelcase": "^1.0.2",
        "cliui": "^2.1.0",
        "decamelize": "^1.0.0",
        "window-size": "0.1.0"
      }
    }
  }
}
